// !$*UTF8*$!
{
	archiveVersion = 1;
	classes = {
	};
	objectVersion = 56;
	objects = {

/* Begin PBXBuildFile section */
		FA1B05AE29C00CD10033BDBD /* tryingView.swift in Sources */ = {isa = PBXBuildFile; fileRef = FA1B05AD29C00CD10033BDBD /* tryingView.swift */; };
		FA1B05CC29C506FF0033BDBD /* registration1View.swift in Sources */ = {isa = PBXBuildFile; fileRef = FA1B05CB29C506FF0033BDBD /* registration1View.swift */; };
		FA1B05CE29C50A8F0033BDBD /* registration2View.swift in Sources */ = {isa = PBXBuildFile; fileRef = FA1B05CD29C50A8F0033BDBD /* registration2View.swift */; };
		FA1B05D029C518150033BDBD /* registration3View.swift in Sources */ = {isa = PBXBuildFile; fileRef = FA1B05CF29C518150033BDBD /* registration3View.swift */; };
		FA1B05D229C520D40033BDBD /* registration4View.swift in Sources */ = {isa = PBXBuildFile; fileRef = FA1B05D129C520D40033BDBD /* registration4View.swift */; };
		FA29EBD529A9C48B00AF0BE5 /* introView.swift in Sources */ = {isa = PBXBuildFile; fileRef = FA29EBD429A9C48B00AF0BE5 /* introView.swift */; };
		FA29EBD929B3DBE800AF0BE5 /* topicsView.swift in Sources */ = {isa = PBXBuildFile; fileRef = FA29EBD829B3DBE700AF0BE5 /* topicsView.swift */; };
		FA29EBDB29B3DF4200AF0BE5 /* sample.swift in Sources */ = {isa = PBXBuildFile; fileRef = FA29EBDA29B3DF4200AF0BE5 /* sample.swift */; };
		FA51189D299744FF008C0A73 /* Let_sTalk_MobileApp_Team10App.swift in Sources */ = {isa = PBXBuildFile; fileRef = FA51189C299744FF008C0A73 /* Let_sTalk_MobileApp_Team10App.swift */; };
		FA51189F299744FF008C0A73 /* ContentView.swift in Sources */ = {isa = PBXBuildFile; fileRef = FA51189E299744FF008C0A73 /* ContentView.swift */; };
		FA5118A129974500008C0A73 /* Assets.xcassets in Resources */ = {isa = PBXBuildFile; fileRef = FA5118A029974500008C0A73 /* Assets.xcassets */; };
		FA5118A429974500008C0A73 /* Preview Assets.xcassets in Resources */ = {isa = PBXBuildFile; fileRef = FA5118A329974500008C0A73 /* Preview Assets.xcassets */; };
		FA5118AB299747B1008C0A73 /* page1View.swift in Sources */ = {isa = PBXBuildFile; fileRef = FA5118AA299747B1008C0A73 /* page1View.swift */; };
		FA5118AD299747BC008C0A73 /* page2View.swift in Sources */ = {isa = PBXBuildFile; fileRef = FA5118AC299747BC008C0A73 /* page2View.swift */; };
		FA5118AF299747C5008C0A73 /* page3View.swift in Sources */ = {isa = PBXBuildFile; fileRef = FA5118AE299747C5008C0A73 /* page3View.swift */; };
		FA5118B9299F37FE008C0A73 /* benefitsView.swift in Sources */ = {isa = PBXBuildFile; fileRef = FA5118B8299F37FE008C0A73 /* benefitsView.swift */; };
		FA5118BF299F3D05008C0A73 /* conditionsView.swift in Sources */ = {isa = PBXBuildFile; fileRef = FA5118BE299F3D05008C0A73 /* conditionsView.swift */; };
		FA5118C329A17B8C008C0A73 /* uploadPhotoView.swift in Sources */ = {isa = PBXBuildFile; fileRef = FA5118C229A17B8C008C0A73 /* uploadPhotoView.swift */; };
		FA5118C529A17E92008C0A73 /* ImagePicker.swift in Sources */ = {isa = PBXBuildFile; fileRef = FA5118C429A17E92008C0A73 /* ImagePicker.swift */; };
		FA6181B229CD6EB900CA1AB1 /* basicProfileCompView.swift in Sources */ = {isa = PBXBuildFile; fileRef = FA6181B129CD6EB900CA1AB1 /* basicProfileCompView.swift */; };
		FA6181B629CD71EC00CA1AB1 /* CommunicationLevelView.swift in Sources */ = {isa = PBXBuildFile; fileRef = FA6181B529CD71EC00CA1AB1 /* CommunicationLevelView.swift */; };
		FA6181B829CD9E0200CA1AB1 /* CommunicationStyleView.swift in Sources */ = {isa = PBXBuildFile; fileRef = FA6181B729CD9E0200CA1AB1 /* CommunicationStyleView.swift */; };
		FA6181BA29CD9F5C00CA1AB1 /* ConversationTypeView.swift in Sources */ = {isa = PBXBuildFile; fileRef = FA6181B929CD9F5C00CA1AB1 /* ConversationTypeView.swift */; };
		FA6181BC29CDA3CA00CA1AB1 /* TextCommunicationView.swift in Sources */ = {isa = PBXBuildFile; fileRef = FA6181BB29CDA3CA00CA1AB1 /* TextCommunicationView.swift */; };
		FA6181BE29CE6B9A00CA1AB1 /* AudioCallView.swift in Sources */ = {isa = PBXBuildFile; fileRef = FA6181BD29CE6B9A00CA1AB1 /* AudioCallView.swift */; };
		FA6181C029CE842600CA1AB1 /* ChatBuddyInfoView.swift in Sources */ = {isa = PBXBuildFile; fileRef = FA6181BF29CE842600CA1AB1 /* ChatBuddyInfoView.swift */; };
		FA6181C229CF8F2900CA1AB1 /* BuddyPreferenceView.swift in Sources */ = {isa = PBXBuildFile; fileRef = FA6181C129CF8F2900CA1AB1 /* BuddyPreferenceView.swift */; };
		FA6181C429D2459300CA1AB1 /* ConversationModeView.swift in Sources */ = {isa = PBXBuildFile; fileRef = FA6181C329D2459300CA1AB1 /* ConversationModeView.swift */; };
		FA6181C629D75EE600CA1AB1 /* ReportOrBlockView.swift in Sources */ = {isa = PBXBuildFile; fileRef = FA6181C529D75EE600CA1AB1 /* ReportOrBlockView.swift */; };
		FA6181C829D77E3F00CA1AB1 /* ReportOptionsView.swift in Sources */ = {isa = PBXBuildFile; fileRef = FA6181C729D77E3F00CA1AB1 /* ReportOptionsView.swift */; };
		FA6181CA29D78AD300CA1AB1 /* Report1View.swift in Sources */ = {isa = PBXBuildFile; fileRef = FA6181C929D78AD300CA1AB1 /* Report1View.swift */; };
		FA6181CC29D7902600CA1AB1 /* FreeMembershipView.swift in Sources */ = {isa = PBXBuildFile; fileRef = FA6181CB29D7902600CA1AB1 /* FreeMembershipView.swift */; };
		FA6181CE29D7A31D00CA1AB1 /* MembershipOptionsView.swift in Sources */ = {isa = PBXBuildFile; fileRef = FA6181CD29D7A31D00CA1AB1 /* MembershipOptionsView.swift */; };
		FA6181D029D7AB9400CA1AB1 /* RegistrationCompletionView.swift in Sources */ = {isa = PBXBuildFile; fileRef = FA6181CF29D7AB9400CA1AB1 /* RegistrationCompletionView.swift */; };
		FA6181D229D7B11200CA1AB1 /* MatchingSample.swift in Sources */ = {isa = PBXBuildFile; fileRef = FA6181D129D7B11200CA1AB1 /* MatchingSample.swift */; };
		FA6181D429D7B39E00CA1AB1 /* VideoCallView.swift in Sources */ = {isa = PBXBuildFile; fileRef = FA6181D329D7B39E00CA1AB1 /* VideoCallView.swift */; };
		FA93776F29A96D9E00268891 /* personalityView.swift in Sources */ = {isa = PBXBuildFile; fileRef = FA93776E29A96D9E00268891 /* personalityView.swift */; };
		FA9377B329A9A20C00268891 /* Let_sTalk_MobileApp_Team10UITests.swift in Sources */ = {isa = PBXBuildFile; fileRef = FA9377B229A9A20C00268891 /* Let_sTalk_MobileApp_Team10UITests.swift */; };
		FA9377B529A9A20C00268891 /* Let_sTalk_MobileApp_Team10UITestsLaunchTests.swift in Sources */ = {isa = PBXBuildFile; fileRef = FA9377B429A9A20C00268891 /* Let_sTalk_MobileApp_Team10UITestsLaunchTests.swift */; };
		FACB649629D92D3E0094B912 /* Let'sTalk_MobileApp_Team10.app in Resources */ = {isa = PBXBuildFile; fileRef = FA511899299744FF008C0A73 /* Let'sTalk_MobileApp_Team10.app */; };
/* End PBXBuildFile section */

/* Begin PBXContainerItemProxy section */
		FA9377B629A9A20C00268891 /* PBXContainerItemProxy */ = {
			isa = PBXContainerItemProxy;
			containerPortal = FA511891299744FF008C0A73 /* Project object */;
			proxyType = 1;
			remoteGlobalIDString = FA511898299744FF008C0A73;
			remoteInfo = "Let'sTalk_MobileApp_Team10";
		};
/* End PBXContainerItemProxy section */

/* Begin PBXFileReference section */
		FA1B05AD29C00CD10033BDBD /* tryingView.swift */ = {isa = PBXFileReference; lastKnownFileType = sourcecode.swift; path = tryingView.swift; sourceTree = "<group>"; };
		FA1B05CB29C506FF0033BDBD /* registration1View.swift */ = {isa = PBXFileReference; lastKnownFileType = sourcecode.swift; name = registration1View.swift; path = ../registration1View.swift; sourceTree = "<group>"; };
		FA1B05CD29C50A8F0033BDBD /* registration2View.swift */ = {isa = PBXFileReference; lastKnownFileType = sourcecode.swift; path = registration2View.swift; sourceTree = "<group>"; };
		FA1B05CF29C518150033BDBD /* registration3View.swift */ = {isa = PBXFileReference; lastKnownFileType = sourcecode.swift; path = registration3View.swift; sourceTree = "<group>"; };
		FA1B05D129C520D40033BDBD /* registration4View.swift */ = {isa = PBXFileReference; lastKnownFileType = sourcecode.swift; path = registration4View.swift; sourceTree = "<group>"; };
		FA29EBD429A9C48B00AF0BE5 /* introView.swift */ = {isa = PBXFileReference; lastKnownFileType = sourcecode.swift; name = introView.swift; path = ../introView.swift; sourceTree = "<group>"; };
		FA29EBD829B3DBE700AF0BE5 /* topicsView.swift */ = {isa = PBXFileReference; lastKnownFileType = sourcecode.swift; path = topicsView.swift; sourceTree = "<group>"; };
		FA29EBDA29B3DF4200AF0BE5 /* sample.swift */ = {isa = PBXFileReference; lastKnownFileType = sourcecode.swift; path = sample.swift; sourceTree = "<group>"; };
		FA511899299744FF008C0A73 /* Let'sTalk_MobileApp_Team10.app */ = {isa = PBXFileReference; explicitFileType = wrapper.application; includeInIndex = 0; path = "Let'sTalk_MobileApp_Team10.app"; sourceTree = BUILT_PRODUCTS_DIR; };
		FA51189C299744FF008C0A73 /* Let_sTalk_MobileApp_Team10App.swift */ = {isa = PBXFileReference; lastKnownFileType = sourcecode.swift; path = Let_sTalk_MobileApp_Team10App.swift; sourceTree = "<group>"; };
		FA51189E299744FF008C0A73 /* ContentView.swift */ = {isa = PBXFileReference; lastKnownFileType = sourcecode.swift; path = ContentView.swift; sourceTree = "<group>"; };
		FA5118A029974500008C0A73 /* Assets.xcassets */ = {isa = PBXFileReference; lastKnownFileType = folder.assetcatalog; path = Assets.xcassets; sourceTree = "<group>"; };
		FA5118A329974500008C0A73 /* Preview Assets.xcassets */ = {isa = PBXFileReference; lastKnownFileType = folder.assetcatalog; path = "Preview Assets.xcassets"; sourceTree = "<group>"; };
		FA5118AA299747B1008C0A73 /* page1View.swift */ = {isa = PBXFileReference; lastKnownFileType = sourcecode.swift; path = page1View.swift; sourceTree = "<group>"; };
		FA5118AC299747BC008C0A73 /* page2View.swift */ = {isa = PBXFileReference; lastKnownFileType = sourcecode.swift; path = page2View.swift; sourceTree = "<group>"; };
		FA5118AE299747C5008C0A73 /* page3View.swift */ = {isa = PBXFileReference; lastKnownFileType = sourcecode.swift; path = page3View.swift; sourceTree = "<group>"; };
		FA5118B8299F37FE008C0A73 /* benefitsView.swift */ = {isa = PBXFileReference; lastKnownFileType = sourcecode.swift; path = benefitsView.swift; sourceTree = "<group>"; };
		FA5118BE299F3D05008C0A73 /* conditionsView.swift */ = {isa = PBXFileReference; lastKnownFileType = sourcecode.swift; path = conditionsView.swift; sourceTree = "<group>"; };
		FA5118C229A17B8C008C0A73 /* uploadPhotoView.swift */ = {isa = PBXFileReference; lastKnownFileType = sourcecode.swift; path = uploadPhotoView.swift; sourceTree = "<group>"; };
		FA5118C429A17E92008C0A73 /* ImagePicker.swift */ = {isa = PBXFileReference; lastKnownFileType = sourcecode.swift; path = ImagePicker.swift; sourceTree = "<group>"; };
		FA6181B129CD6EB900CA1AB1 /* basicProfileCompView.swift */ = {isa = PBXFileReference; lastKnownFileType = sourcecode.swift; path = basicProfileCompView.swift; sourceTree = "<group>"; };
		FA6181B529CD71EC00CA1AB1 /* CommunicationLevelView.swift */ = {isa = PBXFileReference; lastKnownFileType = sourcecode.swift; path = CommunicationLevelView.swift; sourceTree = "<group>"; };
		FA6181B729CD9E0200CA1AB1 /* CommunicationStyleView.swift */ = {isa = PBXFileReference; lastKnownFileType = sourcecode.swift; path = CommunicationStyleView.swift; sourceTree = "<group>"; };
		FA6181B929CD9F5C00CA1AB1 /* ConversationTypeView.swift */ = {isa = PBXFileReference; lastKnownFileType = sourcecode.swift; path = ConversationTypeView.swift; sourceTree = "<group>"; };
		FA6181BB29CDA3CA00CA1AB1 /* TextCommunicationView.swift */ = {isa = PBXFileReference; lastKnownFileType = sourcecode.swift; path = TextCommunicationView.swift; sourceTree = "<group>"; };
		FA6181BD29CE6B9A00CA1AB1 /* AudioCallView.swift */ = {isa = PBXFileReference; lastKnownFileType = sourcecode.swift; path = AudioCallView.swift; sourceTree = "<group>"; };
		FA6181BF29CE842600CA1AB1 /* ChatBuddyInfoView.swift */ = {isa = PBXFileReference; lastKnownFileType = sourcecode.swift; path = ChatBuddyInfoView.swift; sourceTree = "<group>"; };
		FA6181C129CF8F2900CA1AB1 /* BuddyPreferenceView.swift */ = {isa = PBXFileReference; lastKnownFileType = sourcecode.swift; path = BuddyPreferenceView.swift; sourceTree = "<group>"; };
		FA6181C329D2459300CA1AB1 /* ConversationModeView.swift */ = {isa = PBXFileReference; lastKnownFileType = sourcecode.swift; path = ConversationModeView.swift; sourceTree = "<group>"; };
		FA6181C529D75EE600CA1AB1 /* ReportOrBlockView.swift */ = {isa = PBXFileReference; lastKnownFileType = sourcecode.swift; path = ReportOrBlockView.swift; sourceTree = "<group>"; };
		FA6181C729D77E3F00CA1AB1 /* ReportOptionsView.swift */ = {isa = PBXFileReference; lastKnownFileType = sourcecode.swift; path = ReportOptionsView.swift; sourceTree = "<group>"; };
		FA6181C929D78AD300CA1AB1 /* Report1View.swift */ = {isa = PBXFileReference; lastKnownFileType = sourcecode.swift; path = Report1View.swift; sourceTree = "<group>"; };
		FA6181CB29D7902600CA1AB1 /* FreeMembershipView.swift */ = {isa = PBXFileReference; lastKnownFileType = sourcecode.swift; path = FreeMembershipView.swift; sourceTree = "<group>"; };
		FA6181CD29D7A31D00CA1AB1 /* MembershipOptionsView.swift */ = {isa = PBXFileReference; lastKnownFileType = sourcecode.swift; path = MembershipOptionsView.swift; sourceTree = "<group>"; };
		FA6181CF29D7AB9400CA1AB1 /* RegistrationCompletionView.swift */ = {isa = PBXFileReference; lastKnownFileType = sourcecode.swift; path = RegistrationCompletionView.swift; sourceTree = "<group>"; };
		FA6181D129D7B11200CA1AB1 /* MatchingSample.swift */ = {isa = PBXFileReference; lastKnownFileType = sourcecode.swift; path = MatchingSample.swift; sourceTree = "<group>"; };
		FA6181D329D7B39E00CA1AB1 /* VideoCallView.swift */ = {isa = PBXFileReference; lastKnownFileType = sourcecode.swift; path = VideoCallView.swift; sourceTree = "<group>"; };
		FA93776E29A96D9E00268891 /* personalityView.swift */ = {isa = PBXFileReference; lastKnownFileType = sourcecode.swift; path = personalityView.swift; sourceTree = "<group>"; };
		FA93779329A9957B00268891 /* XCTest.framework */ = {isa = PBXFileReference; lastKnownFileType = wrapper.framework; name = XCTest.framework; path = Platforms/iPhoneOS.platform/Developer/Library/Frameworks/XCTest.framework; sourceTree = DEVELOPER_DIR; };
		FA9377B029A9A20C00268891 /* Let'sTalk_MobileApp_Team10UITests.xctest */ = {isa = PBXFileReference; explicitFileType = wrapper.cfbundle; includeInIndex = 0; path = "Let'sTalk_MobileApp_Team10UITests.xctest"; sourceTree = BUILT_PRODUCTS_DIR; };
		FA9377B229A9A20C00268891 /* Let_sTalk_MobileApp_Team10UITests.swift */ = {isa = PBXFileReference; lastKnownFileType = sourcecode.swift; path = Let_sTalk_MobileApp_Team10UITests.swift; sourceTree = "<group>"; };
		FA9377B429A9A20C00268891 /* Let_sTalk_MobileApp_Team10UITestsLaunchTests.swift */ = {isa = PBXFileReference; lastKnownFileType = sourcecode.swift; path = Let_sTalk_MobileApp_Team10UITestsLaunchTests.swift; sourceTree = "<group>"; };
/* End PBXFileReference section */

/* Begin PBXFrameworksBuildPhase section */
		FA511896299744FF008C0A73 /* Frameworks */ = {
			isa = PBXFrameworksBuildPhase;
			buildActionMask = 2147483647;
			files = (
			);
			runOnlyForDeploymentPostprocessing = 0;
		};
		FA9377AD29A9A20C00268891 /* Frameworks */ = {
			isa = PBXFrameworksBuildPhase;
			buildActionMask = 2147483647;
			files = (
			);
			runOnlyForDeploymentPostprocessing = 0;
		};
/* End PBXFrameworksBuildPhase section */

/* Begin PBXGroup section */
		FA511890299744FF008C0A73 = {
			isa = PBXGroup;
			children = (
				FA51189B299744FF008C0A73 /* Let'sTalk_MobileApp_Team10 */,
				FA9377B129A9A20C00268891 /* Let'sTalk_MobileApp_Team10UITests */,
				FA51189A299744FF008C0A73 /* Products */,
				FA93779229A9957B00268891 /* Frameworks */,
			);
			sourceTree = "<group>";
		};
		FA51189A299744FF008C0A73 /* Products */ = {
			isa = PBXGroup;
			children = (
				FA511899299744FF008C0A73 /* Let'sTalk_MobileApp_Team10.app */,
				FA9377B029A9A20C00268891 /* Let'sTalk_MobileApp_Team10UITests.xctest */,
			);
			name = Products;
			sourceTree = "<group>";
		};
		FA51189B299744FF008C0A73 /* Let'sTalk_MobileApp_Team10 */ = {
			isa = PBXGroup;
			children = (
				FA51189C299744FF008C0A73 /* Let_sTalk_MobileApp_Team10App.swift */,
				FA51189E299744FF008C0A73 /* ContentView.swift */,
				FA6181D329D7B39E00CA1AB1 /* VideoCallView.swift */,
				FA6181D129D7B11200CA1AB1 /* MatchingSample.swift */,
				FA5118AA299747B1008C0A73 /* page1View.swift */,
				FA29EBD429A9C48B00AF0BE5 /* introView.swift */,
				FA29EBDA29B3DF4200AF0BE5 /* sample.swift */,
				FA1B05AD29C00CD10033BDBD /* tryingView.swift */,
				FA5118C229A17B8C008C0A73 /* uploadPhotoView.swift */,
				FA6181B129CD6EB900CA1AB1 /* basicProfileCompView.swift */,
				FA6181B529CD71EC00CA1AB1 /* CommunicationLevelView.swift */,
				FA6181BF29CE842600CA1AB1 /* ChatBuddyInfoView.swift */,
				FA6181C129CF8F2900CA1AB1 /* BuddyPreferenceView.swift */,
				FA6181C329D2459300CA1AB1 /* ConversationModeView.swift */,
				FA6181C529D75EE600CA1AB1 /* ReportOrBlockView.swift */,
				FA6181C729D77E3F00CA1AB1 /* ReportOptionsView.swift */,
				FA6181C929D78AD300CA1AB1 /* Report1View.swift */,
				FA6181CB29D7902600CA1AB1 /* FreeMembershipView.swift */,
				FA6181CF29D7AB9400CA1AB1 /* RegistrationCompletionView.swift */,
				FA6181CD29D7A31D00CA1AB1 /* MembershipOptionsView.swift */,
				FA6181B729CD9E0200CA1AB1 /* CommunicationStyleView.swift */,
				FA6181B929CD9F5C00CA1AB1 /* ConversationTypeView.swift */,
				FA6181BB29CDA3CA00CA1AB1 /* TextCommunicationView.swift */,
				FA6181BD29CE6B9A00CA1AB1 /* AudioCallView.swift */,
				FA5118C429A17E92008C0A73 /* ImagePicker.swift */,
				FA93776E29A96D9E00268891 /* personalityView.swift */,
				FA29EBD829B3DBE700AF0BE5 /* topicsView.swift */,
				FA5118AC299747BC008C0A73 /* page2View.swift */,
				FA5118BE299F3D05008C0A73 /* conditionsView.swift */,
				FA5118B8299F37FE008C0A73 /* benefitsView.swift */,
				FA1B05CB29C506FF0033BDBD /* registration1View.swift */,
				FA5118AE299747C5008C0A73 /* page3View.swift */,
				FA1B05CD29C50A8F0033BDBD /* registration2View.swift */,
				FA1B05CF29C518150033BDBD /* registration3View.swift */,
				FA1B05D129C520D40033BDBD /* registration4View.swift */,
				FA5118A029974500008C0A73 /* Assets.xcassets */,
				FA5118A229974500008C0A73 /* Preview Content */,
			);
			path = "Let'sTalk_MobileApp_Team10";
			sourceTree = "<group>";
		};
		FA5118A229974500008C0A73 /* Preview Content */ = {
			isa = PBXGroup;
			children = (
				FA5118A329974500008C0A73 /* Preview Assets.xcassets */,
			);
			path = "Preview Content";
			sourceTree = "<group>";
		};
		FA93779229A9957B00268891 /* Frameworks */ = {
			isa = PBXGroup;
			children = (
				FA93779329A9957B00268891 /* XCTest.framework */,
			);
			name = Frameworks;
			sourceTree = "<group>";
		};
		FA9377B129A9A20C00268891 /* Let'sTalk_MobileApp_Team10UITests */ = {
			isa = PBXGroup;
			children = (
				FA9377B229A9A20C00268891 /* Let_sTalk_MobileApp_Team10UITests.swift */,
				FA9377B429A9A20C00268891 /* Let_sTalk_MobileApp_Team10UITestsLaunchTests.swift */,
			);
			path = "Let'sTalk_MobileApp_Team10UITests";
			sourceTree = "<group>";
		};
/* End PBXGroup section */

/* Begin PBXNativeTarget section */
		FA511898299744FF008C0A73 /* Let'sTalk_MobileApp_Team10 */ = {
			isa = PBXNativeTarget;
			buildConfigurationList = FA5118A729974500008C0A73 /* Build configuration list for PBXNativeTarget "Let'sTalk_MobileApp_Team10" */;
			buildPhases = (
				FA511895299744FF008C0A73 /* Sources */,
				FA511896299744FF008C0A73 /* Frameworks */,
				FA511897299744FF008C0A73 /* Resources */,
			);
			buildRules = (
			);
			dependencies = (
			);
			name = "Let'sTalk_MobileApp_Team10";
			productName = "Let'sTalk_MobileApp_Team10";
			productReference = FA511899299744FF008C0A73 /* Let'sTalk_MobileApp_Team10.app */;
			productType = "com.apple.product-type.application";
		};
		FA9377AF29A9A20C00268891 /* Let'sTalk_MobileApp_Team10UITests */ = {
			isa = PBXNativeTarget;
			buildConfigurationList = FA9377B829A9A20C00268891 /* Build configuration list for PBXNativeTarget "Let'sTalk_MobileApp_Team10UITests" */;
			buildPhases = (
				FA9377AC29A9A20C00268891 /* Sources */,
				FA9377AD29A9A20C00268891 /* Frameworks */,
				FA9377AE29A9A20C00268891 /* Resources */,
			);
			buildRules = (
			);
			dependencies = (
				FA9377B729A9A20C00268891 /* PBXTargetDependency */,
			);
			name = "Let'sTalk_MobileApp_Team10UITests";
			productName = "Let'sTalk_MobileApp_Team10UITests";
			productReference = FA9377B029A9A20C00268891 /* Let'sTalk_MobileApp_Team10UITests.xctest */;
			productType = "com.apple.product-type.bundle.ui-testing";
		};
/* End PBXNativeTarget section */

/* Begin PBXProject section */
		FA511891299744FF008C0A73 /* Project object */ = {
			isa = PBXProject;
			attributes = {
				BuildIndependentTargetsInParallel = 1;
				LastSwiftUpdateCheck = 1420;
				LastUpgradeCheck = 1420;
				TargetAttributes = {
					FA511898299744FF008C0A73 = {
						CreatedOnToolsVersion = 14.2;
					};
					FA9377AF29A9A20C00268891 = {
						CreatedOnToolsVersion = 14.2;
						TestTargetID = FA511898299744FF008C0A73;
					};
				};
			};
			buildConfigurationList = FA511894299744FF008C0A73 /* Build configuration list for PBXProject "Team10" */;
			compatibilityVersion = "Xcode 14.0";
			developmentRegion = en;
			hasScannedForEncodings = 0;
			knownRegions = (
				en,
				Base,
			);
			mainGroup = FA511890299744FF008C0A73;
			productRefGroup = FA51189A299744FF008C0A73 /* Products */;
			projectDirPath = "";
			projectRoot = "";
			targets = (
				FA511898299744FF008C0A73 /* Let'sTalk_MobileApp_Team10 */,
				FA9377AF29A9A20C00268891 /* Let'sTalk_MobileApp_Team10UITests */,
			);
		};
/* End PBXProject section */

/* Begin PBXResourcesBuildPhase section */
		FA511897299744FF008C0A73 /* Resources */ = {
			isa = PBXResourcesBuildPhase;
			buildActionMask = 2147483647;
			files = (
				FA5118A429974500008C0A73 /* Preview Assets.xcassets in Resources */,
				FACB649629D92D3E0094B912 /* Let'sTalk_MobileApp_Team10.app in Resources */,
				FA5118A129974500008C0A73 /* Assets.xcassets in Resources */,
			);
			runOnlyForDeploymentPostprocessing = 0;
		};
		FA9377AE29A9A20C00268891 /* Resources */ = {
			isa = PBXResourcesBuildPhase;
			buildActionMask = 2147483647;
			files = (
			);
			runOnlyForDeploymentPostprocessing = 0;
		};
/* End PBXResourcesBuildPhase section */

/* Begin PBXSourcesBuildPhase section */
		FA511895299744FF008C0A73 /* Sources */ = {
			isa = PBXSourcesBuildPhase;
			buildActionMask = 2147483647;
			files = (
				FA6181D429D7B39E00CA1AB1 /* VideoCallView.swift in Sources */,
				FA5118AD299747BC008C0A73 /* page2View.swift in Sources */,
				FA29EBD529A9C48B00AF0BE5 /* introView.swift in Sources */,
				FA6181D229D7B11200CA1AB1 /* MatchingSample.swift in Sources */,
				FA5118AB299747B1008C0A73 /* page1View.swift in Sources */,
				FA5118AF299747C5008C0A73 /* page3View.swift in Sources */,
				FA5118BF299F3D05008C0A73 /* conditionsView.swift in Sources */,
				FA5118B9299F37FE008C0A73 /* benefitsView.swift in Sources */,
				FA6181B829CD9E0200CA1AB1 /* CommunicationStyleView.swift in Sources */,
				FA5118C329A17B8C008C0A73 /* uploadPhotoView.swift in Sources */,
				FA6181C029CE842600CA1AB1 /* ChatBuddyInfoView.swift in Sources */,
				FA6181CE29D7A31D00CA1AB1 /* MembershipOptionsView.swift in Sources */,
				FA6181C629D75EE600CA1AB1 /* ReportOrBlockView.swift in Sources */,
				FA6181BC29CDA3CA00CA1AB1 /* TextCommunicationView.swift in Sources */,
				FA51189F299744FF008C0A73 /* ContentView.swift in Sources */,
				FA1B05D229C520D40033BDBD /* registration4View.swift in Sources */,
				FA1B05CC29C506FF0033BDBD /* registration1View.swift in Sources */,
				FA6181CA29D78AD300CA1AB1 /* Report1View.swift in Sources */,
				FA6181BA29CD9F5C00CA1AB1 /* ConversationTypeView.swift in Sources */,
				FA1B05D029C518150033BDBD /* registration3View.swift in Sources */,
				FA29EBDB29B3DF4200AF0BE5 /* sample.swift in Sources */,
				FA6181CC29D7902600CA1AB1 /* FreeMembershipView.swift in Sources */,
				FA6181C829D77E3F00CA1AB1 /* ReportOptionsView.swift in Sources */,
				FA6181BE29CE6B9A00CA1AB1 /* AudioCallView.swift in Sources */,
				FA6181B229CD6EB900CA1AB1 /* basicProfileCompView.swift in Sources */,
				FA6181C229CF8F2900CA1AB1 /* BuddyPreferenceView.swift in Sources */,
				FA1B05CE29C50A8F0033BDBD /* registration2View.swift in Sources */,
				FA1B05AE29C00CD10033BDBD /* tryingView.swift in Sources */,
				FA29EBD929B3DBE800AF0BE5 /* topicsView.swift in Sources */,
				FA6181C429D2459300CA1AB1 /* ConversationModeView.swift in Sources */,
				FA6181B629CD71EC00CA1AB1 /* CommunicationLevelView.swift in Sources */,
				FA5118C529A17E92008C0A73 /* ImagePicker.swift in Sources */,
				FA93776F29A96D9E00268891 /* personalityView.swift in Sources */,
				FA6181D029D7AB9400CA1AB1 /* RegistrationCompletionView.swift in Sources */,
				FA51189D299744FF008C0A73 /* Let_sTalk_MobileApp_Team10App.swift in Sources */,
			);
			runOnlyForDeploymentPostprocessing = 0;
		};
		FA9377AC29A9A20C00268891 /* Sources */ = {
			isa = PBXSourcesBuildPhase;
			buildActionMask = 2147483647;
			files = (
				FA9377B529A9A20C00268891 /* Let_sTalk_MobileApp_Team10UITestsLaunchTests.swift in Sources */,
				FA9377B329A9A20C00268891 /* Let_sTalk_MobileApp_Team10UITests.swift in Sources */,
			);
			runOnlyForDeploymentPostprocessing = 0;
		};
/* End PBXSourcesBuildPhase section */

/* Begin PBXTargetDependency section */
		FA9377B729A9A20C00268891 /* PBXTargetDependency */ = {
			isa = PBXTargetDependency;
			target = FA511898299744FF008C0A73 /* Let'sTalk_MobileApp_Team10 */;
			targetProxy = FA9377B629A9A20C00268891 /* PBXContainerItemProxy */;
		};
/* End PBXTargetDependency section */

/* Begin XCBuildConfiguration section */
		FA5118A529974500008C0A73 /* Debug */ = {
			isa = XCBuildConfiguration;
			buildSettings = {
				ALWAYS_SEARCH_USER_PATHS = NO;
				CLANG_ANALYZER_NONNULL = YES;
				CLANG_ANALYZER_NUMBER_OBJECT_CONVERSION = YES_AGGRESSIVE;
				CLANG_CXX_LANGUAGE_STANDARD = "gnu++20";
				CLANG_ENABLE_MODULES = YES;
				CLANG_ENABLE_OBJC_ARC = YES;
				CLANG_ENABLE_OBJC_WEAK = YES;
				CLANG_WARN_BLOCK_CAPTURE_AUTORELEASING = YES;
				CLANG_WARN_BOOL_CONVERSION = YES;
				CLANG_WARN_COMMA = YES;
				CLANG_WARN_CONSTANT_CONVERSION = YES;
				CLANG_WARN_DEPRECATED_OBJC_IMPLEMENTATIONS = YES;
				CLANG_WARN_DIRECT_OBJC_ISA_USAGE = YES_ERROR;
				CLANG_WARN_DOCUMENTATION_COMMENTS = YES;
				CLANG_WARN_EMPTY_BODY = YES;
				CLANG_WARN_ENUM_CONVERSION = YES;
				CLANG_WARN_INFINITE_RECURSION = YES;
				CLANG_WARN_INT_CONVERSION = YES;
				CLANG_WARN_NON_LITERAL_NULL_CONVERSION = YES;
				CLANG_WARN_OBJC_IMPLICIT_RETAIN_SELF = YES;
				CLANG_WARN_OBJC_LITERAL_CONVERSION = YES;
				CLANG_WARN_OBJC_ROOT_CLASS = YES_ERROR;
				CLANG_WARN_QUOTED_INCLUDE_IN_FRAMEWORK_HEADER = YES;
				CLANG_WARN_RANGE_LOOP_ANALYSIS = YES;
				CLANG_WARN_STRICT_PROTOTYPES = YES;
				CLANG_WARN_SUSPICIOUS_MOVE = YES;
				CLANG_WARN_UNGUARDED_AVAILABILITY = YES_AGGRESSIVE;
				CLANG_WARN_UNREACHABLE_CODE = YES;
				CLANG_WARN__DUPLICATE_METHOD_MATCH = YES;
				COPY_PHASE_STRIP = NO;
				DEBUG_INFORMATION_FORMAT = dwarf;
				ENABLE_STRICT_OBJC_MSGSEND = YES;
				ENABLE_TESTABILITY = YES;
				GCC_C_LANGUAGE_STANDARD = gnu11;
				GCC_DYNAMIC_NO_PIC = NO;
				GCC_NO_COMMON_BLOCKS = YES;
				GCC_OPTIMIZATION_LEVEL = 0;
				GCC_PREPROCESSOR_DEFINITIONS = (
					"DEBUG=1",
					"$(inherited)",
				);
				GCC_WARN_64_TO_32_BIT_CONVERSION = YES;
				GCC_WARN_ABOUT_RETURN_TYPE = YES_ERROR;
				GCC_WARN_UNDECLARED_SELECTOR = YES;
				GCC_WARN_UNINITIALIZED_AUTOS = YES_AGGRESSIVE;
				GCC_WARN_UNUSED_FUNCTION = YES;
				GCC_WARN_UNUSED_VARIABLE = YES;
				IPHONEOS_DEPLOYMENT_TARGET = 16.2;
				MTL_ENABLE_DEBUG_INFO = INCLUDE_SOURCE;
				MTL_FAST_MATH = YES;
				ONLY_ACTIVE_ARCH = YES;
				SDKROOT = iphoneos;
				SWIFT_ACTIVE_COMPILATION_CONDITIONS = DEBUG;
				SWIFT_OPTIMIZATION_LEVEL = "-Onone";
			};
			name = Debug;
		};
		FA5118A629974500008C0A73 /* Release */ = {
			isa = XCBuildConfiguration;
			buildSettings = {
				ALWAYS_SEARCH_USER_PATHS = NO;
				CLANG_ANALYZER_NONNULL = YES;
				CLANG_ANALYZER_NUMBER_OBJECT_CONVERSION = YES_AGGRESSIVE;
				CLANG_CXX_LANGUAGE_STANDARD = "gnu++20";
				CLANG_ENABLE_MODULES = YES;
				CLANG_ENABLE_OBJC_ARC = YES;
				CLANG_ENABLE_OBJC_WEAK = YES;
				CLANG_WARN_BLOCK_CAPTURE_AUTORELEASING = YES;
				CLANG_WARN_BOOL_CONVERSION = YES;
				CLANG_WARN_COMMA = YES;
				CLANG_WARN_CONSTANT_CONVERSION = YES;
				CLANG_WARN_DEPRECATED_OBJC_IMPLEMENTATIONS = YES;
				CLANG_WARN_DIRECT_OBJC_ISA_USAGE = YES_ERROR;
				CLANG_WARN_DOCUMENTATION_COMMENTS = YES;
				CLANG_WARN_EMPTY_BODY = YES;
				CLANG_WARN_ENUM_CONVERSION = YES;
				CLANG_WARN_INFINITE_RECURSION = YES;
				CLANG_WARN_INT_CONVERSION = YES;
				CLANG_WARN_NON_LITERAL_NULL_CONVERSION = YES;
				CLANG_WARN_OBJC_IMPLICIT_RETAIN_SELF = YES;
				CLANG_WARN_OBJC_LITERAL_CONVERSION = YES;
				CLANG_WARN_OBJC_ROOT_CLASS = YES_ERROR;
				CLANG_WARN_QUOTED_INCLUDE_IN_FRAMEWORK_HEADER = YES;
				CLANG_WARN_RANGE_LOOP_ANALYSIS = YES;
				CLANG_WARN_STRICT_PROTOTYPES = YES;
				CLANG_WARN_SUSPICIOUS_MOVE = YES;
				CLANG_WARN_UNGUARDED_AVAILABILITY = YES_AGGRESSIVE;
				CLANG_WARN_UNREACHABLE_CODE = YES;
				CLANG_WARN__DUPLICATE_METHOD_MATCH = YES;
				COPY_PHASE_STRIP = NO;
				DEBUG_INFORMATION_FORMAT = "dwarf-with-dsym";
				ENABLE_NS_ASSERTIONS = NO;
				ENABLE_STRICT_OBJC_MSGSEND = YES;
				GCC_C_LANGUAGE_STANDARD = gnu11;
				GCC_NO_COMMON_BLOCKS = YES;
				GCC_WARN_64_TO_32_BIT_CONVERSION = YES;
				GCC_WARN_ABOUT_RETURN_TYPE = YES_ERROR;
				GCC_WARN_UNDECLARED_SELECTOR = YES;
				GCC_WARN_UNINITIALIZED_AUTOS = YES_AGGRESSIVE;
				GCC_WARN_UNUSED_FUNCTION = YES;
				GCC_WARN_UNUSED_VARIABLE = YES;
				IPHONEOS_DEPLOYMENT_TARGET = 16.2;
				MTL_ENABLE_DEBUG_INFO = NO;
				MTL_FAST_MATH = YES;
				SDKROOT = iphoneos;
				SWIFT_COMPILATION_MODE = wholemodule;
				SWIFT_OPTIMIZATION_LEVEL = "-O";
				VALIDATE_PRODUCT = YES;
			};
			name = Release;
		};
		FA5118A829974500008C0A73 /* Debug */ = {
			isa = XCBuildConfiguration;
			buildSettings = {
				ASSETCATALOG_COMPILER_APPICON_NAME = AppIcon;
				ASSETCATALOG_COMPILER_GLOBAL_ACCENT_COLOR_NAME = AccentColor;
				CODE_SIGN_STYLE = Automatic;
				CURRENT_PROJECT_VERSION = 1;
				DEVELOPMENT_ASSET_PATHS = "\"Let'sTalk_MobileApp_Team10/Preview Content\"";
				DEVELOPMENT_TEAM = KKZ5ML5339;
				ENABLE_PREVIEWS = YES;
				GENERATE_INFOPLIST_FILE = YES;
				INFOPLIST_KEY_UIApplicationSceneManifest_Generation = YES;
				INFOPLIST_KEY_UIApplicationSupportsIndirectInputEvents = YES;
				INFOPLIST_KEY_UILaunchScreen_Generation = YES;
				INFOPLIST_KEY_UISupportedInterfaceOrientations_iPad = "UIInterfaceOrientationPortrait UIInterfaceOrientationPortraitUpsideDown UIInterfaceOrientationLandscapeLeft UIInterfaceOrientationLandscapeRight";
				INFOPLIST_KEY_UISupportedInterfaceOrientations_iPhone = "UIInterfaceOrientationPortrait UIInterfaceOrientationLandscapeLeft UIInterfaceOrientationLandscapeRight";
				IPHONEOS_DEPLOYMENT_TARGET = 16.0;
				LD_RUNPATH_SEARCH_PATHS = (
					"$(inherited)",
					"@executable_path/Frameworks",
				);
				MARKETING_VERSION = 1.0;
				PRODUCT_BUNDLE_IDENTIFIER = "ASU.Let-sTalk-MobileApp-Team10";
				PRODUCT_NAME = "$(TARGET_NAME)";
				SWIFT_EMIT_LOC_STRINGS = YES;
				SWIFT_VERSION = 5.0;
				TARGETED_DEVICE_FAMILY = "1,2";
			};
			name = Debug;
		};
		FA5118A929974500008C0A73 /* Release */ = {
			isa = XCBuildConfiguration;
			buildSettings = {
				ASSETCATALOG_COMPILER_APPICON_NAME = AppIcon;
				ASSETCATALOG_COMPILER_GLOBAL_ACCENT_COLOR_NAME = AccentColor;
				CODE_SIGN_STYLE = Automatic;
				CURRENT_PROJECT_VERSION = 1;
				DEVELOPMENT_ASSET_PATHS = "\"Let'sTalk_MobileApp_Team10/Preview Content\"";
				DEVELOPMENT_TEAM = KKZ5ML5339;
				ENABLE_PREVIEWS = YES;
				GENERATE_INFOPLIST_FILE = YES;
				INFOPLIST_KEY_UIApplicationSceneManifest_Generation = YES;
				INFOPLIST_KEY_UIApplicationSupportsIndirectInputEvents = YES;
				INFOPLIST_KEY_UILaunchScreen_Generation = YES;
				INFOPLIST_KEY_UISupportedInterfaceOrientations_iPad = "UIInterfaceOrientationPortrait UIInterfaceOrientationPortraitUpsideDown UIInterfaceOrientationLandscapeLeft UIInterfaceOrientationLandscapeRight";
				INFOPLIST_KEY_UISupportedInterfaceOrientations_iPhone = "UIInterfaceOrientationPortrait UIInterfaceOrientationLandscapeLeft UIInterfaceOrientationLandscapeRight";
				IPHONEOS_DEPLOYMENT_TARGET = 16.0;
				LD_RUNPATH_SEARCH_PATHS = (
					"$(inherited)",
					"@executable_path/Frameworks",
				);
				MARKETING_VERSION = 1.0;
				PRODUCT_BUNDLE_IDENTIFIER = "ASU.Let-sTalk-MobileApp-Team10";
				PRODUCT_NAME = "$(TARGET_NAME)";
				SWIFT_EMIT_LOC_STRINGS = YES;
				SWIFT_VERSION = 5.0;
				TARGETED_DEVICE_FAMILY = "1,2";
			};
			name = Release;
		};
		FA9377B929A9A20C00268891 /* Debug */ = {
			isa = XCBuildConfiguration;
			buildSettings = {
				CODE_SIGN_STYLE = Automatic;
				CURRENT_PROJECT_VERSION = 1;
				GENERATE_INFOPLIST_FILE = YES;
				MARKETING_VERSION = 1.0;
				PRODUCT_BUNDLE_IDENTIFIER = "ASU.Let-sTalk-MobileApp-Team10UITests";
				PRODUCT_NAME = "$(TARGET_NAME)";
				SWIFT_EMIT_LOC_STRINGS = NO;
				SWIFT_VERSION = 5.0;
				TARGETED_DEVICE_FAMILY = "1,2";
				TEST_TARGET_NAME = "Let'sTalk_MobileApp_Team10";
			};
			name = Debug;
		};
		FA9377BA29A9A20C00268891 /* Release */ = {
			isa = XCBuildConfiguration;
			buildSettings = {
				CODE_SIGN_STYLE = Automatic;
				CURRENT_PROJECT_VERSION = 1;
				GENERATE_INFOPLIST_FILE = YES;
				MARKETING_VERSION = 1.0;
				PRODUCT_BUNDLE_IDENTIFIER = "ASU.Let-sTalk-MobileApp-Team10UITests";
				PRODUCT_NAME = "$(TARGET_NAME)";
				SWIFT_EMIT_LOC_STRINGS = NO;
				SWIFT_VERSION = 5.0;
				TARGETED_DEVICE_FAMILY = "1,2";
				TEST_TARGET_NAME = "Let'sTalk_MobileApp_Team10";
			};
			name = Release;
		};
/* End XCBuildConfiguration section */

/* Begin XCConfigurationList section */
		FA511894299744FF008C0A73 /* Build configuration list for PBXProject "Team10" */ = {
			isa = XCConfigurationList;
			buildConfigurations = (
				FA5118A529974500008C0A73 /* Debug */,
				FA5118A629974500008C0A73 /* Release */,
			);
			defaultConfigurationIsVisible = 0;
			defaultConfigurationName = Release;
		};
		FA5118A729974500008C0A73 /* Build configuration list for PBXNativeTarget "Let'sTalk_MobileApp_Team10" */ = {
			isa = XCConfigurationList;
			buildConfigurations = (
				FA5118A829974500008C0A73 /* Debug */,
				FA5118A929974500008C0A73 /* Release */,
			);
			defaultConfigurationIsVisible = 0;
			defaultConfigurationName = Release;
		};
		FA9377B829A9A20C00268891 /* Build configuration list for PBXNativeTarget "Let'sTalk_MobileApp_Team10UITests" */ = {
			isa = XCConfigurationList;
			buildConfigurations = (
				FA9377B929A9A20C00268891 /* Debug */,
				FA9377BA29A9A20C00268891 /* Release */,
			);
			defaultConfigurationIsVisible = 0;
			defaultConfigurationName = Release;
		};
/* End XCConfigurationList section */
	};
	rootObject = FA511891299744FF008C0A73 /* Project object */;
}
